{
    "_readme": [
        "This file locks the dependencies of your project to a known state",
        "Read more about it at https://getcomposer.org/doc/01-basic-usage.md#installing-dependencies",
        "This file is @generated automatically"
    ],
    "content-hash": "81f340e481e7b96d697e274a123c1707",
    "packages": [
        {
            "name": "arubacao/tld-checker",
            "version": "1.2.276",
            "source": {
                "type": "git",
                "url": "https://github.com/arubacao/tld-checker.git",
                "reference": "0429ad6bb555600b98ccd1a8bba3ef6691fb02b0"
            },
            "dist": {
                "type": "zip",
                "url": "https://api.github.com/repos/arubacao/tld-checker/zipball/0429ad6bb555600b98ccd1a8bba3ef6691fb02b0",
                "reference": "0429ad6bb555600b98ccd1a8bba3ef6691fb02b0",
                "shasum": ""
            },
            "require": {
                "ext-intl": "*",
                "php": "^7.0|^8.0"
            },
            "require-dev": {
                "orchestra/testbench": "~3.0|^4.0|^5.0|^6.0",
                "phpunit/phpunit": "~4.8.36 || >=5.7.21"
            },
            "suggest": {
                "illuminate/validation": "Required for Laravel validation"
            },
            "type": "library",
            "extra": {
                "laravel": {
                    "providers": [
                        "Arubacao\\TldChecker\\TldCheckerServiceProvider"
                    ]
                }
            },
            "autoload": {
                "psr-4": {
                    "Arubacao\\TldChecker\\": "src"
                }
            },
            "notification-url": "https://packagist.org/downloads/",
            "license": [
                "MIT"
            ],
            "authors": [
                {
                    "name": "Christopher Lass",
                    "homepage": "https://c-lass.com/"
                }
            ],
            "description": "Top Level Domain (TLD) validation library for PHP",
            "homepage": "https://github.com/arubacao/tld-checker",
            "keywords": [
                "domain",
                "email",
                "tld",
                "tld-checker",
                "validation"
            ],
            "support": {
                "issues": "https://github.com/arubacao/tld-checker/issues",
                "source": "https://github.com/arubacao/tld-checker/tree/1.2.276"
            },
            "time": "2025-03-16T04:01:19+00:00"
        }
    ],
    "packages-dev": [],
    "aliases": [],
    "minimum-stability": "stable",
    "stability-flags": [],
    "prefer-stable": false,
    "prefer-lowest": false,
    "platform": {
        "php": ">=7.2.5",
        "ext-json": "*",
        "ext-curl": "*"
    },
    "platform-dev": [],
    "platform-overrides": {
        "php": "7.2.5"
    },
    "plugin-api-version": "2.1.0"
}
